
Microsoft Visual Studio Solution File, Format Version 12.00
# Visual Studio Version 16
VisualStudioVersion = 16.0.28729.10
MinimumVisualStudioVersion = 10.0.40219.1
Project("{FAE04EC0-301F-11D3-BF4B-00C04F79EFBC}") = "MoreColors", "MoreColors\MoreColors.csproj", "{78807072-F303-40D5-BF2A-E9AD02BBE08D}"
EndProject
Global
	GlobalSection(SolutionConfigurationPlatforms) = preSolution
		Debug|Any CPU = Debug|Any CPU
		Release|Any CPU = Release|Any CPU
	EndGlobalSection
	GlobalSection(ProjectConfigurationPlatforms) = postSolution
		{78807072-F303-40D5-BF2A-E9AD02BBE08D}.Debug|Any CPU.ActiveCfg = Debug|Any CPU
		{78807072-F303-40D5-BF2A-E9AD02BBE08D}.Debug|Any CPU.Build.0 = Debug|Any CPU
		{78807072-F303-40D5-BF2A-E9AD02BBE08D}.Release|Any CPU.ActiveCfg = Release|Any CPU
		{78807072-F303-40D5-BF2A-E9AD02BBE08D}.Release|Any CPU.Build.0 = Release|Any CPU
	EndGlobalSection
	GlobalSection(SolutionProperties) = preSolution
		HideSolutionNode = FALSE
	EndGlobalSection
	GlobalSection(ExtensibilityGlobals) = postSolution
		SolutionGuid = {A5E9320E-F7E9-474B-9F43-6E037AC5FCA6}
	EndGlobalSection
EndGlobal
